{
  "version": "4",
  "specifiers": {
    "npm:@atcute/bluesky@^2.0.3": "2.0.3_@atcute+client@3.0.1",
    "npm:@atcute/client@^3.0.1": "3.0.1",
    "npm:@badrap/valita@~0.4.4": "0.4.4",
    "npm:@zod/mini@^4.0.0-beta.20250420T053007": "4.0.0-beta.20250420T053007"
  },
  "npm": {
    "@atcute/bluesky@2.0.3_@atcute+client@3.0.1": {
      "integrity": "sha512-bYJ8ql3wVsVOUdd/kRSU3U7Hpv0/nS1j95ukO7XErUjT16HKzqiLCHFLwFYstzVdG3nxOAmUKWg+HfwXYu95uA==",
      "dependencies": [
        "@atcute/client"
      ]
    },
    "@atcute/client@3.0.1": {
      "integrity": "sha512-j51SuQYQj5jeKrx1DCXx+Q3fpVvO0JYGnKnJAdDSlesSLjPXjvnx1abC+hkuro58KRHHJvRA6P1MC0pmJsWfcg=="
    },
    "@badrap/valita@0.4.4": {
      "integrity": "sha512-GEhUCk9c4XbNxi+0YZHZsV4fYNd6HejfWuN4Ti4c02DauX+LyX5WY1Y3WfyZ8Pxxl0zqhs+MLtW98cMh86vv6g=="
    },
    "@zod/core@0.8.1": {
      "integrity": "sha512-djj8hPhxIHcG8ptxITaw/Bout5HJZ9NyRbKr95Eilqwt9R0kvITwUQGDU+n+MVdsBIka5KwztmZSLti22F+P0A=="
    },
    "@zod/mini@4.0.0-beta.20250420T053007": {
      "integrity": "sha512-PnQwkzlUbUj6A2GKbqhskH/v58m2WfmP+dbXevzzMdvVA7H/KNao37YWhHOTjBzf+xykCXNoLwfwnPMIsU0hOA==",
      "dependencies": [
        "@zod/core"
      ]
    }
  },
  "workspace": {
    "dependencies": [
      "npm:@atcute/bluesky@^2.0.3",
      "npm:@atcute/client@^3.0.1",
      "npm:@badrap/valita@~0.4.4",
      "npm:@zod/mini@^4.0.0-beta.20250420T053007"
    ]
  }
}
